
Microsoft Visual Studio Solution File, Format Version 12.00
# Visual Studio Version 16
VisualStudioVersion = 16.0.30309.148
MinimumVisualStudioVersion = 10.0.40219.1
Project("{9A19103F-16F7-4668-BE54-9A1E7A4F7556}") = "Warranty.Test", "Warranty.Test\Warranty.Test.csproj", "{A7B52821-B4BE-4765-B694-41993F2197EC}"
EndProject
Project("{9A19103F-16F7-4668-BE54-9A1E7A4F7556}") = "Warranty", "Warranty\Warranty.csproj", "{9939254A-1256-4489-9D55-43742845C258}"
EndProject
Project("{9A19103F-16F7-4668-BE54-9A1E7A4F7556}") = "API", "API\API.csproj", "{5507CD1C-DEAB-4954-8826-C5F7DFCC6F1C}"
EndProject
Global
	GlobalSection(SolutionConfigurationPlatforms) = preSolution
		Debug|Any CPU = Debug|Any CPU
		Release|Any CPU = Release|Any CPU
	EndGlobalSection
	GlobalSection(ProjectConfigurationPlatforms) = postSolution
		{A7B52821-B4BE-4765-B694-41993F2197EC}.Debug|Any CPU.ActiveCfg = Debug|Any CPU
		{A7B52821-B4BE-4765-B694-41993F2197EC}.Debug|Any CPU.Build.0 = Debug|Any CPU
		{A7B52821-B4BE-4765-B694-41993F2197EC}.Release|Any CPU.ActiveCfg = Release|Any CPU
		{A7B52821-B4BE-4765-B694-41993F2197EC}.Release|Any CPU.Build.0 = Release|Any CPU
		{9939254A-1256-4489-9D55-43742845C258}.Debug|Any CPU.ActiveCfg = Debug|Any CPU
		{9939254A-1256-4489-9D55-43742845C258}.Debug|Any CPU.Build.0 = Debug|Any CPU
		{9939254A-1256-4489-9D55-43742845C258}.Release|Any CPU.ActiveCfg = Release|Any CPU
		{9939254A-1256-4489-9D55-43742845C258}.Release|Any CPU.Build.0 = Release|Any CPU
		{5507CD1C-DEAB-4954-8826-C5F7DFCC6F1C}.Debug|Any CPU.ActiveCfg = Debug|Any CPU
		{5507CD1C-DEAB-4954-8826-C5F7DFCC6F1C}.Debug|Any CPU.Build.0 = Debug|Any CPU
		{5507CD1C-DEAB-4954-8826-C5F7DFCC6F1C}.Release|Any CPU.ActiveCfg = Release|Any CPU
		{5507CD1C-DEAB-4954-8826-C5F7DFCC6F1C}.Release|Any CPU.Build.0 = Release|Any CPU
	EndGlobalSection
	GlobalSection(SolutionProperties) = preSolution
		HideSolutionNode = FALSE
	EndGlobalSection
	GlobalSection(ExtensibilityGlobals) = postSolution
		SolutionGuid = {E6EE2740-5172-478C-9041-13A0A9AA188B}
	EndGlobalSection
EndGlobal
